
Microsoft Visual Studio Solution File, Format Version 12.00
# Visual Studio Version 16
VisualStudioVersion = 16.0.30011.22
MinimumVisualStudioVersion = 10.0.40219.1
Project("{FAE04EC0-301F-11D3-BF4B-00C04F79EFBC}") = "true pipe", "true pipe\true pipe.csproj", "{C0D82303-D17B-4086-A417-2368D887199C}"
EndProject
Global
	GlobalSection(SolutionConfigurationPlatforms) = preSolution
		Debug|Any CPU = Debug|Any CPU
		Release|Any CPU = Release|Any CPU
	EndGlobalSection
	GlobalSection(ProjectConfigurationPlatforms) = postSolution
		{C0D82303-D17B-4086-A417-2368D887199C}.Debug|Any CPU.ActiveCfg = Debug|Any CPU
		{C0D82303-D17B-4086-A417-2368D887199C}.Debug|Any CPU.Build.0 = Debug|Any CPU
		{C0D82303-D17B-4086-A417-2368D887199C}.Release|Any CPU.ActiveCfg = Release|Any CPU
		{C0D82303-D17B-4086-A417-2368D887199C}.Release|Any CPU.Build.0 = Release|Any CPU
	EndGlobalSection
	GlobalSection(SolutionProperties) = preSolution
		HideSolutionNode = FALSE
	EndGlobalSection
	GlobalSection(ExtensibilityGlobals) = postSolution
		SolutionGuid = {B5B13820-0B81-4918-BB2C-8C33B82FEC00}
	EndGlobalSection
EndGlobal
